
Microsoft Visual Studio Solution File, Format Version 12.00
# Visual Studio Version 16
VisualStudioVersion = 16.0.30503.244
MinimumVisualStudioVersion = 10.0.40219.1
Project("{FAE04EC0-301F-11D3-BF4B-00C04F79EFBC}") = "ConsoleApp1", "ConsoleApp1\ConsoleApp1.csproj", "{DE249D4C-89DD-4682-B476-45F79B4091DF}"
EndProject
Global
	GlobalSection(SolutionConfigurationPlatforms) = preSolution
		Debug|Any CPU = Debug|Any CPU
		Release|Any CPU = Release|Any CPU
	EndGlobalSection
	GlobalSection(ProjectConfigurationPlatforms) = postSolution
		{DE249D4C-89DD-4682-B476-45F79B4091DF}.Debug|Any CPU.ActiveCfg = Debug|Any CPU
		{DE249D4C-89DD-4682-B476-45F79B4091DF}.Debug|Any CPU.Build.0 = Debug|Any CPU
		{DE249D4C-89DD-4682-B476-45F79B4091DF}.Release|Any CPU.ActiveCfg = Release|Any CPU
		{DE249D4C-89DD-4682-B476-45F79B4091DF}.Release|Any CPU.Build.0 = Release|Any CPU
	EndGlobalSection
	GlobalSection(SolutionProperties) = preSolution
		HideSolutionNode = FALSE
	EndGlobalSection
	GlobalSection(ExtensibilityGlobals) = postSolution
		SolutionGuid = {B976CB62-9253-4CB0-8EC3-092E95F2DE33}
	EndGlobalSection
EndGlobal
